
Microsoft Visual Studio Solution File, Format Version 12.00
# Visual Studio Version 17
VisualStudioVersion = 17.6.33801.468
MinimumVisualStudioVersion = 10.0.40219.1
Project("{FAE04EC0-301F-11D3-BF4B-00C04F79EFBC}") = "agendamento_webapi", "agendamento_webapi\agendamento_webapi.csproj", "{265E2962-7744-4EEC-87C3-0151DADBBB82}"
EndProject
Global
	GlobalSection(SolutionConfigurationPlatforms) = preSolution
		Debug|Any CPU = Debug|Any CPU
		Release|Any CPU = Release|Any CPU
	EndGlobalSection
	GlobalSection(ProjectConfigurationPlatforms) = postSolution
		{265E2962-7744-4EEC-87C3-0151DADBBB82}.Debug|Any CPU.ActiveCfg = Debug|Any CPU
		{265E2962-7744-4EEC-87C3-0151DADBBB82}.Debug|Any CPU.Build.0 = Debug|Any CPU
		{265E2962-7744-4EEC-87C3-0151DADBBB82}.Release|Any CPU.ActiveCfg = Release|Any CPU
		{265E2962-7744-4EEC-87C3-0151DADBBB82}.Release|Any CPU.Build.0 = Release|Any CPU
	EndGlobalSection
	GlobalSection(SolutionProperties) = preSolution
		HideSolutionNode = FALSE
	EndGlobalSection
	GlobalSection(ExtensibilityGlobals) = postSolution
		SolutionGuid = {E35934C2-908A-4EC7-91EE-97190A6641AF}
	EndGlobalSection
EndGlobal
